# THIS IS AN AUTOGENERATED FILE. DO NOT EDIT THIS FILE DIRECTLY.
# yarn lockfile v1


"@alloc/quick-lru@^5.2.0":
  version "5.2.0"

"@biomejs/biome@^1.9.3":
  version "1.9.4"
  optionalDependencies:
    "@biomejs/cli-darwin-arm64" "1.9.4"
    "@biomejs/cli-darwin-x64" "1.9.4"
    "@biomejs/cli-linux-arm64" "1.9.4"
    "@biomejs/cli-linux-arm64-musl" "1.9.4"
    "@biomejs/cli-linux-x64" "1.9.4"
    "@biomejs/cli-linux-x64-musl" "1.9.4"
    "@biomejs/cli-win32-arm64" "1.9.4"
    "@biomejs/cli-win32-x64" "1.9.4"

"@biomejs/cli-darwin-arm64@1.9.4":
  version "1.9.4"

"@esbuild/darwin-arm64@0.25.6":
  version "0.25.6"

"@floating-ui/core@^1.7.2":
  version "1.7.2"
  dependencies:
    "@floating-ui/utils" "^0.2.10"

"@floating-ui/dom@^1.7.2":
  version "1.7.2"
  dependencies:
    "@floating-ui/core" "^1.7.2"
    "@floating-ui/utils" "^0.2.10"

"@floating-ui/react-dom@^2.0.0":
  version "2.1.4"
  dependencies:
    "@floating-ui/dom" "^1.7.2"

"@floating-ui/utils@^0.2.10":
  version "0.2.10"

"@hey-api/client-fetch@0.8.2":
  version "0.8.2"

"@hey-api/json-schema-ref-parser@1.0.2":
  version "1.0.2"
  dependencies:
    "@jsdevtools/ono" "^7.1.3"
    "@types/json-schema" "^7.0.15"
    js-yaml "^4.1.0"

"@hey-api/openapi-ts@0.64.8":
  version "0.64.8"
  dependencies:
    "@hey-api/json-schema-ref-parser" "1.0.2"
    c12 "2.0.1"
    commander "13.0.0"
    handlebars "4.7.8"

"@img/sharp-darwin-arm64@0.34.2":
  version "0.34.2"
  optionalDependencies:
    "@img/sharp-libvips-darwin-arm64" "1.1.0"

"@img/sharp-libvips-darwin-arm64@1.1.0":
  version "1.1.0"

"@jsdevtools/ono@^7.1.3":
  version "7.1.3"

"@kurkle/color@^0.3.0":
  version "0.3.4"

"@next/env@15.3.5":
  version "15.3.5"

"@next/swc-darwin-arm64@15.3.5":
  version "15.3.5"

"@prisma/client@6.6.0":
  version "6.6.0"

"@prisma/config@6.5.0":
  version "6.5.0"
  dependencies:
    esbuild ">=0.12 <1"
    esbuild-register "3.6.0"

"@prisma/debug@6.5.0":
  version "6.5.0"

"@prisma/engines-version@6.5.0-73.173f8d54f8d52e692c7e27e72a88314ec7aeff60":
  version "6.5.0-73.173f8d54f8d52e692c7e27e72a88314ec7aeff60"

"@prisma/engines@6.5.0":
  version "6.5.0"
  dependencies:
    "@prisma/debug" "6.5.0"
    "@prisma/engines-version" "6.5.0-73.173f8d54f8d52e692c7e27e72a88314ec7aeff60"
    "@prisma/fetch-engine" "6.5.0"
    "@prisma/get-platform" "6.5.0"

"@prisma/fetch-engine@6.5.0":
  version "6.5.0"
  dependencies:
    "@prisma/debug" "6.5.0"
    "@prisma/engines-version" "6.5.0-73.173f8d54f8d52e692c7e27e72a88314ec7aeff60"
    "@prisma/get-platform" "6.5.0"

"@prisma/get-platform@6.5.0":
  version "6.5.0"
  dependencies:
    "@prisma/debug" "6.5.0"

"@radix-ui/number@1.1.1":
  version "1.1.1"

"@radix-ui/primitive@1.1.2":
  version "1.1.2"

"@radix-ui/react-arrow@1.1.7":
  version "1.1.7"
  dependencies:
    "@radix-ui/react-primitive" "2.1.3"

"@radix-ui/react-checkbox@^1.2.3":
  version "1.3.2"
  dependencies:
    "@radix-ui/primitive" "1.1.2"
    "@radix-ui/react-compose-refs" "1.1.2"
    "@radix-ui/react-context" "1.1.2"
    "@radix-ui/react-presence" "1.1.4"
    "@radix-ui/react-primitive" "2.1.3"
    "@radix-ui/react-use-controllable-state" "1.2.2"
    "@radix-ui/react-use-previous" "1.1.1"
    "@radix-ui/react-use-size" "1.1.1"

"@radix-ui/react-collection@1.1.7":
  version "1.1.7"
  dependencies:
    "@radix-ui/react-compose-refs" "1.1.2"
    "@radix-ui/react-context" "1.1.2"
    "@radix-ui/react-primitive" "2.1.3"
    "@radix-ui/react-slot" "1.2.3"

"@radix-ui/react-compose-refs@1.1.2":
  version "1.1.2"

"@radix-ui/react-context@1.1.2":
  version "1.1.2"

"@radix-ui/react-direction@1.1.1":
  version "1.1.1"

"@radix-ui/react-dismissable-layer@1.1.10":
  version "1.1.10"
  dependencies:
    "@radix-ui/primitive" "1.1.2"
    "@radix-ui/react-compose-refs" "1.1.2"
    "@radix-ui/react-primitive" "2.1.3"
    "@radix-ui/react-use-callback-ref" "1.1.1"
    "@radix-ui/react-use-escape-keydown" "1.1.1"

"@radix-ui/react-focus-guards@1.1.2":
  version "1.1.2"

"@radix-ui/react-focus-scope@1.1.7":
  version "1.1.7"
  dependencies:
    "@radix-ui/react-compose-refs" "1.1.2"
    "@radix-ui/react-primitive" "2.1.3"
    "@radix-ui/react-use-callback-ref" "1.1.1"

"@radix-ui/react-id@1.1.1":
  version "1.1.1"
  dependencies:
    "@radix-ui/react-use-layout-effect" "1.1.1"

"@radix-ui/react-label@^2.1.4":
  version "2.1.7"
  dependencies:
    "@radix-ui/react-primitive" "2.1.3"

"@radix-ui/react-popover@^1.1.11":
  version "1.1.14"
  dependencies:
    "@radix-ui/primitive" "1.1.2"
    "@radix-ui/react-compose-refs" "1.1.2"
    "@radix-ui/react-context" "1.1.2"
    "@radix-ui/react-dismissable-layer" "1.1.10"
    "@radix-ui/react-focus-guards" "1.1.2"
    "@radix-ui/react-focus-scope" "1.1.7"
    "@radix-ui/react-id" "1.1.1"
    "@radix-ui/react-popper" "1.2.7"
    "@radix-ui/react-portal" "1.1.9"
    "@radix-ui/react-presence" "1.1.4"
    "@radix-ui/react-primitive" "2.1.3"
    "@radix-ui/react-slot" "1.2.3"
    "@radix-ui/react-use-controllable-state" "1.2.2"
    aria-hidden "^1.2.4"
    react-remove-scroll "^2.6.3"

"@radix-ui/react-popper@1.2.7":
  version "1.2.7"
  dependencies:
    "@floating-ui/react-dom" "^2.0.0"
    "@radix-ui/react-arrow" "1.1.7"
    "@radix-ui/react-compose-refs" "1.1.2"
    "@radix-ui/react-context" "1.1.2"
    "@radix-ui/react-primitive" "2.1.3"
    "@radix-ui/react-use-callback-ref" "1.1.1"
    "@radix-ui/react-use-layout-effect" "1.1.1"
    "@radix-ui/react-use-rect" "1.1.1"
    "@radix-ui/react-use-size" "1.1.1"
    "@radix-ui/rect" "1.1.1"

"@radix-ui/react-portal@1.1.9":
  version "1.1.9"
  dependencies:
    "@radix-ui/react-primitive" "2.1.3"
    "@radix-ui/react-use-layout-effect" "1.1.1"

"@radix-ui/react-presence@1.1.4":
  version "1.1.4"
  dependencies:
    "@radix-ui/react-compose-refs" "1.1.2"
    "@radix-ui/react-use-layout-effect" "1.1.1"

"@radix-ui/react-primitive@2.1.3":
  version "2.1.3"
  dependencies:
    "@radix-ui/react-slot" "1.2.3"

"@radix-ui/react-progress@^1.1.6":
  version "1.1.7"
  dependencies:
    "@radix-ui/react-context" "1.1.2"
    "@radix-ui/react-primitive" "2.1.3"

"@radix-ui/react-roving-focus@1.1.10":
  version "1.1.10"
  dependencies:
    "@radix-ui/primitive" "1.1.2"
    "@radix-ui/react-collection" "1.1.7"
    "@radix-ui/react-compose-refs" "1.1.2"
    "@radix-ui/react-context" "1.1.2"
    "@radix-ui/react-direction" "1.1.1"
    "@radix-ui/react-id" "1.1.1"
    "@radix-ui/react-primitive" "2.1.3"
    "@radix-ui/react-use-callback-ref" "1.1.1"
    "@radix-ui/react-use-controllable-state" "1.2.2"

"@radix-ui/react-select@^2.2.2":
  version "2.2.5"
  dependencies:
    "@radix-ui/number" "1.1.1"
    "@radix-ui/primitive" "1.1.2"
    "@radix-ui/react-collection" "1.1.7"
    "@radix-ui/react-compose-refs" "1.1.2"
    "@radix-ui/react-context" "1.1.2"
    "@radix-ui/react-direction" "1.1.1"
    "@radix-ui/react-dismissable-layer" "1.1.10"
    "@radix-ui/react-focus-guards" "1.1.2"
    "@radix-ui/react-focus-scope" "1.1.7"
    "@radix-ui/react-id" "1.1.1"
    "@radix-ui/react-popper" "1.2.7"
    "@radix-ui/react-portal" "1.1.9"
    "@radix-ui/react-primitive" "2.1.3"
    "@radix-ui/react-slot" "1.2.3"
    "@radix-ui/react-use-callback-ref" "1.1.1"
    "@radix-ui/react-use-controllable-state" "1.2.2"
    "@radix-ui/react-use-layout-effect" "1.1.1"
    "@radix-ui/react-use-previous" "1.1.1"
    "@radix-ui/react-visually-hidden" "1.2.3"
    aria-hidden "^1.2.4"
    react-remove-scroll "^2.6.3"

"@radix-ui/react-slot@^1.2.3", "@radix-ui/react-slot@1.2.3":
  version "1.2.3"
  dependencies:
    "@radix-ui/react-compose-refs" "1.1.2"

"@radix-ui/react-tabs@^1.1.9":
  version "1.1.12"
  dependencies:
    "@radix-ui/primitive" "1.1.2"
    "@radix-ui/react-context" "1.1.2"
    "@radix-ui/react-direction" "1.1.1"
    "@radix-ui/react-id" "1.1.1"
    "@radix-ui/react-presence" "1.1.4"
    "@radix-ui/react-primitive" "2.1.3"
    "@radix-ui/react-roving-focus" "1.1.10"
    "@radix-ui/react-use-controllable-state" "1.2.2"

"@radix-ui/react-toggle-group@^1.1.10":
  version "1.1.10"
  dependencies:
    "@radix-ui/primitive" "1.1.2"
    "@radix-ui/react-context" "1.1.2"
    "@radix-ui/react-direction" "1.1.1"
    "@radix-ui/react-primitive" "2.1.3"
    "@radix-ui/react-roving-focus" "1.1.10"
    "@radix-ui/react-toggle" "1.1.9"
    "@radix-ui/react-use-controllable-state" "1.2.2"

"@radix-ui/react-toggle@^1.1.9", "@radix-ui/react-toggle@1.1.9":
  version "1.1.9"
  dependencies:
    "@radix-ui/primitive" "1.1.2"
    "@radix-ui/react-primitive" "2.1.3"
    "@radix-ui/react-use-controllable-state" "1.2.2"

"@radix-ui/react-tooltip@^1.2.4":
  version "1.2.7"
  dependencies:
    "@radix-ui/primitive" "1.1.2"
    "@radix-ui/react-compose-refs" "1.1.2"
    "@radix-ui/react-context" "1.1.2"
    "@radix-ui/react-dismissable-layer" "1.1.10"
    "@radix-ui/react-id" "1.1.1"
    "@radix-ui/react-popper" "1.2.7"
    "@radix-ui/react-portal" "1.1.9"
    "@radix-ui/react-presence" "1.1.4"
    "@radix-ui/react-primitive" "2.1.3"
    "@radix-ui/react-slot" "1.2.3"
    "@radix-ui/react-use-controllable-state" "1.2.2"
    "@radix-ui/react-visually-hidden" "1.2.3"

"@radix-ui/react-use-callback-ref@1.1.1":
  version "1.1.1"

"@radix-ui/react-use-controllable-state@1.2.2":
  version "1.2.2"
  dependencies:
    "@radix-ui/react-use-effect-event" "0.0.2"
    "@radix-ui/react-use-layout-effect" "1.1.1"

"@radix-ui/react-use-effect-event@0.0.2":
  version "0.0.2"
  dependencies:
    "@radix-ui/react-use-layout-effect" "1.1.1"

"@radix-ui/react-use-escape-keydown@1.1.1":
  version "1.1.1"
  dependencies:
    "@radix-ui/react-use-callback-ref" "1.1.1"

"@radix-ui/react-use-layout-effect@1.1.1":
  version "1.1.1"

"@radix-ui/react-use-previous@1.1.1":
  version "1.1.1"

"@radix-ui/react-use-rect@1.1.1":
  version "1.1.1"
  dependencies:
    "@radix-ui/rect" "1.1.1"

"@radix-ui/react-use-size@1.1.1":
  version "1.1.1"
  dependencies:
    "@radix-ui/react-use-layout-effect" "1.1.1"

"@radix-ui/react-visually-hidden@1.2.3":
  version "1.2.3"
  dependencies:
    "@radix-ui/react-primitive" "2.1.3"

"@radix-ui/rect@1.1.1":
  version "1.1.1"

"@sgratzl/boxplots@^2.0.0":
  version "2.0.0"

"@sgratzl/chartjs-chart-boxplot@^4.4.4":
  version "4.4.4"
  dependencies:
    "@sgratzl/boxplots" "^2.0.0"

"@swc/counter@0.1.3":
  version "0.1.3"

"@swc/helpers@0.5.15":
  version "0.5.15"
  dependencies:
    tslib "^2.8.0"

"@tailwindcss/node@4.1.4":
  version "4.1.4"
  dependencies:
    enhanced-resolve "^5.18.1"
    jiti "^2.4.2"
    lightningcss "1.29.2"
    tailwindcss "4.1.4"

"@tailwindcss/oxide-darwin-arm64@4.1.4":
  version "4.1.4"

"@tailwindcss/oxide@4.1.4":
  version "4.1.4"
  optionalDependencies:
    "@tailwindcss/oxide-android-arm64" "4.1.4"
    "@tailwindcss/oxide-darwin-arm64" "4.1.4"
    "@tailwindcss/oxide-darwin-x64" "4.1.4"
    "@tailwindcss/oxide-freebsd-x64" "4.1.4"
    "@tailwindcss/oxide-linux-arm-gnueabihf" "4.1.4"
    "@tailwindcss/oxide-linux-arm64-gnu" "4.1.4"
    "@tailwindcss/oxide-linux-arm64-musl" "4.1.4"
    "@tailwindcss/oxide-linux-x64-gnu" "4.1.4"
    "@tailwindcss/oxide-linux-x64-musl" "4.1.4"
    "@tailwindcss/oxide-wasm32-wasi" "4.1.4"
    "@tailwindcss/oxide-win32-arm64-msvc" "4.1.4"
    "@tailwindcss/oxide-win32-x64-msvc" "4.1.4"

"@tailwindcss/postcss@4.1.4":
  version "4.1.4"
  dependencies:
    "@alloc/quick-lru" "^5.2.0"
    "@tailwindcss/node" "4.1.4"
    "@tailwindcss/oxide" "4.1.4"
    postcss "^8.4.41"
    tailwindcss "4.1.4"

"@tailwindcss/typography@0.5.15":
  version "0.5.15"
  dependencies:
    lodash.castarray "^4.4.0"
    lodash.isplainobject "^4.0.6"
    lodash.merge "^4.6.2"
    postcss-selector-parser "6.0.10"

"@tanstack/query-core@5.80.6":
  version "5.80.6"

"@tanstack/react-query@5.80.6":
  version "5.80.6"
  dependencies:
    "@tanstack/query-core" "5.80.6"

"@tanstack/react-table@^8.20.5":
  version "8.21.3"
  dependencies:
    "@tanstack/table-core" "8.21.3"

"@tanstack/table-core@8.21.3":
  version "8.21.3"

"@types/hammerjs@^2.0.45":
  version "2.0.46"

"@types/json-schema@^7.0.15":
  version "7.0.15"

"@types/node@^20":
  version "20.19.4"
  dependencies:
    undici-types "~6.21.0"

"@types/react-dom@*", "@types/react-dom@^19.0.4":
  version "19.1.6"

"@types/react@*", "@types/react@^19.0.0", "@types/react@^19.0.10":
  version "19.1.8"
  dependencies:
    csstype "^3.0.2"

acorn@^8.14.0:
  version "8.15.0"

ansi-regex@^5.0.1:
  version "5.0.1"

ansi-styles@^4.0.0, ansi-styles@^4.1.0:
  version "4.3.0"
  dependencies:
    color-convert "^2.0.1"

argparse@^2.0.1:
  version "2.0.1"

aria-hidden@^1.2.4:
  version "1.2.6"
  dependencies:
    tslib "^2.0.0"

busboy@1.6.0:
  version "1.6.0"
  dependencies:
    streamsearch "^1.1.0"

c12@2.0.1:
  version "2.0.1"
  dependencies:
    chokidar "^4.0.1"
    confbox "^0.1.7"
    defu "^6.1.4"
    dotenv "^16.4.5"
    giget "^1.2.3"
    jiti "^2.3.0"
    mlly "^1.7.1"
    ohash "^1.1.4"
    pathe "^1.1.2"
    perfect-debounce "^1.0.0"
    pkg-types "^1.2.0"
    rc9 "^2.1.2"

caniuse-lite@^1.0.30001579:
  version "1.0.30001727"

chalk@^4.1.2:
  version "4.1.2"
  dependencies:
    ansi-styles "^4.1.0"
    supports-color "^7.1.0"

chart.js@^4.1.1, chart.js@>=3.2.0, chart.js@4.4.9:
  version "4.4.9"
  dependencies:
    "@kurkle/color" "^0.3.0"

chartjs-plugin-zoom@2.2.0:
  version "2.2.0"
  dependencies:
    "@types/hammerjs" "^2.0.45"
    hammerjs "^2.0.8"

chokidar@^4.0.1:
  version "4.0.3"
  dependencies:
    readdirp "^4.0.1"

chownr@^2.0.0:
  version "2.0.0"

citty@^0.1.6:
  version "0.1.6"
  dependencies:
    consola "^3.2.3"

class-variance-authority@^0.7.1:
  version "0.7.1"
  dependencies:
    clsx "^2.1.1"

client-only@0.0.1:
  version "0.0.1"

cliui@^8.0.1:
  version "8.0.1"
  dependencies:
    string-width "^4.2.0"
    strip-ansi "^6.0.1"
    wrap-ansi "^7.0.0"

clsx@^2.1.1:
  version "2.1.1"

color-convert@^2.0.1:
  version "2.0.1"
  dependencies:
    color-name "~1.1.4"

color-convert@^3.0.1:
  version "3.1.0"
  dependencies:
    color-name "^2.0.0"

color-name@^1.0.0:
  version "1.1.4"

color-name@^2.0.0:
  version "2.0.0"

color-name@~1.1.4:
  version "1.1.4"

color-string@^1.9.0:
  version "1.9.1"
  dependencies:
    color-name "^1.0.0"
    simple-swizzle "^0.2.2"

color-string@^2.0.0:
  version "2.0.1"
  dependencies:
    color-name "^2.0.0"

color@^4.2.3:
  version "4.2.3"
  dependencies:
    color-convert "^2.0.1"
    color-string "^1.9.0"

color@5.0.0:
  version "5.0.0"
  dependencies:
    color-convert "^3.0.1"
    color-string "^2.0.0"

commander@13.0.0:
  version "13.0.0"

concurrently@9.1.2:
  version "9.1.2"
  dependencies:
    chalk "^4.1.2"
    lodash "^4.17.21"
    rxjs "^7.8.1"
    shell-quote "^1.8.1"
    supports-color "^8.1.1"
    tree-kill "^1.2.2"
    yargs "^17.7.2"

confbox@^0.1.7, confbox@^0.1.8:
  version "0.1.8"

consola@^3.2.3, consola@^3.4.0:
  version "3.4.2"

country-flag-icons@^1.5.18:
  version "1.5.19"

cssesc@^3.0.0:
  version "3.0.0"

csstype@^3.0.2:
  version "3.1.3"

date-fns@4.1.0:
  version "4.1.0"

debug@^4.3.4:
  version "4.4.1"
  dependencies:
    ms "^2.1.3"

defu@^6.1.4:
  version "6.1.4"

destr@^2.0.3:
  version "2.0.5"

detect-libc@^2.0.3, detect-libc@^2.0.4:
  version "2.0.4"

detect-node-es@^1.1.0:
  version "1.1.0"

dotenv@^16.4.5:
  version "16.6.1"

emoji-regex@^8.0.0:
  version "8.0.0"

enhanced-resolve@^5.18.1:
  version "5.18.2"
  dependencies:
    graceful-fs "^4.2.4"
    tapable "^2.2.0"

esbuild-register@3.6.0:
  version "3.6.0"
  dependencies:
    debug "^4.3.4"

"esbuild@>=0.12 <1":
  version "0.25.6"
  optionalDependencies:
    "@esbuild/aix-ppc64" "0.25.6"
    "@esbuild/android-arm" "0.25.6"
    "@esbuild/android-arm64" "0.25.6"
    "@esbuild/android-x64" "0.25.6"
    "@esbuild/darwin-arm64" "0.25.6"
    "@esbuild/darwin-x64" "0.25.6"
    "@esbuild/freebsd-arm64" "0.25.6"
    "@esbuild/freebsd-x64" "0.25.6"
    "@esbuild/linux-arm" "0.25.6"
    "@esbuild/linux-arm64" "0.25.6"
    "@esbuild/linux-ia32" "0.25.6"
    "@esbuild/linux-loong64" "0.25.6"
    "@esbuild/linux-mips64el" "0.25.6"
    "@esbuild/linux-ppc64" "0.25.6"
    "@esbuild/linux-riscv64" "0.25.6"
    "@esbuild/linux-s390x" "0.25.6"
    "@esbuild/linux-x64" "0.25.6"
    "@esbuild/netbsd-arm64" "0.25.6"
    "@esbuild/netbsd-x64" "0.25.6"
    "@esbuild/openbsd-arm64" "0.25.6"
    "@esbuild/openbsd-x64" "0.25.6"
    "@esbuild/openharmony-arm64" "0.25.6"
    "@esbuild/sunos-x64" "0.25.6"
    "@esbuild/win32-arm64" "0.25.6"
    "@esbuild/win32-ia32" "0.25.6"
    "@esbuild/win32-x64" "0.25.6"

escalade@^3.1.1:
  version "3.2.0"

fs-minipass@^2.0.0:
  version "2.1.0"
  dependencies:
    minipass "^3.0.0"

fsevents@2.3.3:
  version "2.3.3"

get-caller-file@^2.0.5:
  version "2.0.5"

get-nonce@^1.0.0:
  version "1.0.1"

giget@^1.2.3:
  version "1.2.5"
  dependencies:
    citty "^0.1.6"
    consola "^3.4.0"
    defu "^6.1.4"
    node-fetch-native "^1.6.6"
    nypm "^0.5.4"
    pathe "^2.0.3"
    tar "^6.2.1"

graceful-fs@^4.2.4:
  version "4.2.11"

hammerjs@^2.0.8:
  version "2.0.8"

handlebars@4.7.8:
  version "4.7.8"
  dependencies:
    minimist "^1.2.5"
    neo-async "^2.6.2"
    source-map "^0.6.1"
    wordwrap "^1.0.0"
  optionalDependencies:
    uglify-js "^3.1.4"

has-flag@^4.0.0:
  version "4.0.0"

is-arrayish@^0.3.1:
  version "0.3.2"

is-fullwidth-code-point@^3.0.0:
  version "3.0.0"

jiti@^2.3.0, jiti@^2.4.2:
  version "2.4.2"

js-yaml@^4.1.0:
  version "4.1.0"
  dependencies:
    argparse "^2.0.1"

lightningcss-darwin-arm64@1.29.2:
  version "1.29.2"

lightningcss@1.29.2:
  version "1.29.2"
  dependencies:
    detect-libc "^2.0.3"
  optionalDependencies:
    lightningcss-darwin-arm64 "1.29.2"
    lightningcss-darwin-x64 "1.29.2"
    lightningcss-freebsd-x64 "1.29.2"
    lightningcss-linux-arm-gnueabihf "1.29.2"
    lightningcss-linux-arm64-gnu "1.29.2"
    lightningcss-linux-arm64-musl "1.29.2"
    lightningcss-linux-x64-gnu "1.29.2"
    lightningcss-linux-x64-musl "1.29.2"
    lightningcss-win32-arm64-msvc "1.29.2"
    lightningcss-win32-x64-msvc "1.29.2"

lodash.castarray@^4.4.0:
  version "4.4.0"

lodash.isplainobject@^4.0.6:
  version "4.0.6"

lodash.merge@^4.6.2:
  version "4.6.2"

lodash@^4.17.21:
  version "4.17.21"

lucide-react@^0.503.0:
  version "0.503.0"

minimist@^1.2.5:
  version "1.2.8"

minipass@^3.0.0:
  version "3.3.6"
  dependencies:
    yallist "^4.0.0"

minipass@^5.0.0:
  version "5.0.0"

minizlib@^2.1.1:
  version "2.1.2"
  dependencies:
    minipass "^3.0.0"
    yallist "^4.0.0"

mkdirp@^1.0.3:
  version "1.0.4"

mlly@^1.7.1, mlly@^1.7.4:
  version "1.7.4"
  dependencies:
    acorn "^8.14.0"
    pathe "^2.0.1"
    pkg-types "^1.3.0"
    ufo "^1.5.4"

ms@^2.1.3:
  version "2.1.3"

nanoid@^3.3.11, nanoid@^3.3.6:
  version "3.3.11"

neo-async@^2.6.2:
  version "2.6.2"

next-themes@0.4.6:
  version "0.4.6"

next@15.3.5:
  version "15.3.5"
  dependencies:
    "@next/env" "15.3.5"
    "@swc/counter" "0.1.3"
    "@swc/helpers" "0.5.15"
    busboy "1.6.0"
    caniuse-lite "^1.0.30001579"
    postcss "8.4.31"
    styled-jsx "5.1.6"
  optionalDependencies:
    "@next/swc-darwin-arm64" "15.3.5"
    "@next/swc-darwin-x64" "15.3.5"
    "@next/swc-linux-arm64-gnu" "15.3.5"
    "@next/swc-linux-arm64-musl" "15.3.5"
    "@next/swc-linux-x64-gnu" "15.3.5"
    "@next/swc-linux-x64-musl" "15.3.5"
    "@next/swc-win32-arm64-msvc" "15.3.5"
    "@next/swc-win32-x64-msvc" "15.3.5"
    sharp "^0.34.1"

node-fetch-native@^1.6.6:
  version "1.6.6"

nypm@^0.5.4:
  version "0.5.4"
  dependencies:
    citty "^0.1.6"
    consola "^3.4.0"
    pathe "^2.0.3"
    pkg-types "^1.3.1"
    tinyexec "^0.3.2"
    ufo "^1.5.4"

ohash@^1.1.4:
  version "1.1.6"

pathe@^1.1.2:
  version "1.1.2"

pathe@^2.0.1, pathe@^2.0.3:
  version "2.0.3"

perfect-debounce@^1.0.0:
  version "1.0.0"

picocolors@^1.0.0, picocolors@^1.1.1:
  version "1.1.1"

pkg-types@^1.2.0, pkg-types@^1.3.0, pkg-types@^1.3.1:
  version "1.3.1"
  dependencies:
    confbox "^0.1.8"
    mlly "^1.7.4"
    pathe "^2.0.1"

postcss-selector-parser@6.0.10:
  version "6.0.10"
  dependencies:
    cssesc "^3.0.0"
    util-deprecate "^1.0.2"

postcss@^8, postcss@^8.4.41:
  version "8.5.6"
  dependencies:
    nanoid "^3.3.11"
    picocolors "^1.1.1"
    source-map-js "^1.2.1"

postcss@8.4.31:
  version "8.4.31"
  dependencies:
    nanoid "^3.3.6"
    picocolors "^1.0.0"
    source-map-js "^1.0.2"

prisma@*, prisma@6.5.0:
  version "6.5.0"
  dependencies:
    "@prisma/config" "6.5.0"
    "@prisma/engines" "6.5.0"
  optionalDependencies:
    fsevents "2.3.3"

rc9@^2.1.2:
  version "2.1.2"
  dependencies:
    defu "^6.1.4"
    destr "^2.0.3"

react-chartjs-2@5.3.0:
  version "5.3.0"

"react-dom@^16.8 || ^17 || ^18 || ^19 || ^19.0.0-rc", "react-dom@^16.8 || ^17.0 || ^18.0 || ^19.0 || ^19.0.0-rc", "react-dom@^18.2.0 || 19.0.0-rc-de68d2f4-20241204 || ^19.0.0", react-dom@^19.0.0, react-dom@>=16.8, react-dom@>=16.8.0:
  version "19.1.0"
  dependencies:
    scheduler "^0.26.0"

react-hook-form@^7.62.0:
  version "7.62.0"

react-icons@5.5.0:
  version "5.5.0"

react-remove-scroll-bar@^2.3.7:
  version "2.3.8"
  dependencies:
    react-style-singleton "^2.2.2"
    tslib "^2.0.0"

react-remove-scroll@^2.6.3:
  version "2.7.1"
  dependencies:
    react-remove-scroll-bar "^2.3.7"
    react-style-singleton "^2.2.3"
    tslib "^2.1.0"
    use-callback-ref "^1.3.3"
    use-sidecar "^1.1.3"

react-style-singleton@^2.2.2, react-style-singleton@^2.2.3:
  version "2.2.3"
  dependencies:
    get-nonce "^1.0.0"
    tslib "^2.0.0"

react@*, "react@^16.5.1 || ^17.0.0 || ^18.0.0 || ^19.0.0", "react@^16.8 || ^17 || ^18 || ^19 || ^19.0.0-rc", "react@^16.8 || ^17.0 || ^18.0 || ^19.0 || ^19.0.0-rc", "react@^16.8.0 || ^17 || ^18 || ^19", "react@^16.8.0 || ^17.0.0 || ^18.0.0 || ^19.0.0", "react@^16.8.0 || ^17.0.0 || ^18.0.0 || ^19.0.0 || ^19.0.0-rc", "react@^18 || ^19", "react@^18.2.0 || 19.0.0-rc-de68d2f4-20241204 || ^19.0.0", react@^19.0.0, react@^19.1.0, "react@>= 16.8.0 || 17.x.x || ^18.0.0-0 || ^19.0.0-0", react@>=16.8, react@>=16.8.0:
  version "19.1.0"

readdirp@^4.0.1:
  version "4.1.2"

require-directory@^2.1.1:
  version "2.1.1"

rxjs@^7.8.1:
  version "7.8.2"
  dependencies:
    tslib "^2.1.0"

scheduler@^0.26.0:
  version "0.26.0"

semver@^7.7.2:
  version "7.7.2"

sharp@^0.34.1:
  version "0.34.2"
  dependencies:
    color "^4.2.3"
    detect-libc "^2.0.4"
    semver "^7.7.2"
  optionalDependencies:
    "@img/sharp-darwin-arm64" "0.34.2"
    "@img/sharp-darwin-x64" "0.34.2"
    "@img/sharp-libvips-darwin-arm64" "1.1.0"
    "@img/sharp-libvips-darwin-x64" "1.1.0"
    "@img/sharp-libvips-linux-arm" "1.1.0"
    "@img/sharp-libvips-linux-arm64" "1.1.0"
    "@img/sharp-libvips-linux-ppc64" "1.1.0"
    "@img/sharp-libvips-linux-s390x" "1.1.0"
    "@img/sharp-libvips-linux-x64" "1.1.0"
    "@img/sharp-libvips-linuxmusl-arm64" "1.1.0"
    "@img/sharp-libvips-linuxmusl-x64" "1.1.0"
    "@img/sharp-linux-arm" "0.34.2"
    "@img/sharp-linux-arm64" "0.34.2"
    "@img/sharp-linux-s390x" "0.34.2"
    "@img/sharp-linux-x64" "0.34.2"
    "@img/sharp-linuxmusl-arm64" "0.34.2"
    "@img/sharp-linuxmusl-x64" "0.34.2"
    "@img/sharp-wasm32" "0.34.2"
    "@img/sharp-win32-arm64" "0.34.2"
    "@img/sharp-win32-ia32" "0.34.2"
    "@img/sharp-win32-x64" "0.34.2"

shell-quote@^1.8.1:
  version "1.8.3"

simple-swizzle@^0.2.2:
  version "0.2.2"
  dependencies:
    is-arrayish "^0.3.1"

source-map-js@^1.0.2, source-map-js@^1.2.1:
  version "1.2.1"

source-map@^0.6.1:
  version "0.6.1"

streamsearch@^1.1.0:
  version "1.1.0"

string-width@^4.1.0, string-width@^4.2.0, string-width@^4.2.3:
  version "4.2.3"
  dependencies:
    emoji-regex "^8.0.0"
    is-fullwidth-code-point "^3.0.0"
    strip-ansi "^6.0.1"

strip-ansi@^6.0.0, strip-ansi@^6.0.1:
  version "6.0.1"
  dependencies:
    ansi-regex "^5.0.1"

styled-jsx@5.1.6:
  version "5.1.6"
  dependencies:
    client-only "0.0.1"

supports-color@^7.1.0:
  version "7.2.0"
  dependencies:
    has-flag "^4.0.0"

supports-color@^8.1.1:
  version "8.1.1"
  dependencies:
    has-flag "^4.0.0"

svg-pathdata@8.0.0:
  version "8.0.0"

tailwind-merge@^3.2.0:
  version "3.3.1"

"tailwindcss@>=3.0.0 || insiders || >=4.0.0-alpha.20", tailwindcss@4.1.4:
  version "4.1.4"

tapable@^2.2.0:
  version "2.2.2"

tar@^6.2.1:
  version "6.2.1"
  dependencies:
    chownr "^2.0.0"
    fs-minipass "^2.0.0"
    minipass "^5.0.0"
    minizlib "^2.1.1"
    mkdirp "^1.0.3"
    yallist "^4.0.0"

tinyexec@^0.3.2:
  version "0.3.2"

tree-kill@^1.2.2:
  version "1.2.2"

ts-deepmerge@7.0.2:
  version "7.0.2"

tslib@^2.0.0, tslib@^2.1.0, tslib@^2.8.0:
  version "2.8.1"

tw-animate-css@^1.2.8:
  version "1.3.5"

typescript@^5, typescript@^5.5.3, typescript@>=5.1.0:
  version "5.8.3"

ufo@^1.5.4:
  version "1.6.1"

uglify-js@^3.1.4:
  version "3.19.3"

undici-types@~6.21.0:
  version "6.21.0"

use-callback-ref@^1.3.3:
  version "1.3.3"
  dependencies:
    tslib "^2.0.0"

use-sidecar@^1.1.3:
  version "1.1.3"
  dependencies:
    detect-node-es "^1.1.0"
    tslib "^2.0.0"

util-deprecate@^1.0.2:
  version "1.0.2"

uuid@11.1.0:
  version "11.1.0"

wordwrap@^1.0.0:
  version "1.0.0"

wrap-ansi@^7.0.0:
  version "7.0.0"
  dependencies:
    ansi-styles "^4.0.0"
    string-width "^4.1.0"
    strip-ansi "^6.0.0"

y18n@^5.0.5:
  version "5.0.8"

yallist@^4.0.0:
  version "4.0.0"

yargs-parser@^21.1.1:
  version "21.1.1"

yargs@^17.7.2:
  version "17.7.2"
  dependencies:
    cliui "^8.0.1"
    escalade "^3.1.1"
    get-caller-file "^2.0.5"
    require-directory "^2.1.1"
    string-width "^4.2.3"
    y18n "^5.0.5"
    yargs-parser "^21.1.1"

zod@3.25.56:
  version "3.25.56"
